// !$*UTF8*$!
{
	archiveVersion = 1;
	classes = {
	};
	objectVersion = 55;
	objects = {

/* Begin PBXBuildFile section */
		5EEFD47C4E9A2434114B92F7 /* Pods_BgSonar01.framework in Frameworks */ = {isa = PBXBuildFile; fileRef = 374D6DAAE200D3E8424F9CDC /* Pods_BgSonar01.framework */; };
		F6AFFD7427CE347B001E3C78 /* AppDelegate.swift in Sources */ = {isa = PBXBuildFile; fileRef = F6AFFD7327CE347B001E3C78 /* AppDelegate.swift */; };
		F6AFFD7627CE347B001E3C78 /* SceneDelegate.swift in Sources */ = {isa = PBXBuildFile; fileRef = F6AFFD7527CE347B001E3C78 /* SceneDelegate.swift */; };
		F6AFFD7827CE347B001E3C78 /* ViewController.swift in Sources */ = {isa = PBXBuildFile; fileRef = F6AFFD7727CE347B001E3C78 /* ViewController.swift */; };
		F6AFFD7B27CE347B001E3C78 /* Main.storyboard in Resources */ = {isa = PBXBuildFile; fileRef = F6AFFD7927CE347B001E3C78 /* Main.storyboard */; };
		F6AFFD7D27CE347D001E3C78 /* Assets.xcassets in Resources */ = {isa = PBXBuildFile; fileRef = F6AFFD7C27CE347D001E3C78 /* Assets.xcassets */; };
		F6AFFD8027CE347D001E3C78 /* LaunchScreen.storyboard in Resources */ = {isa = PBXBuildFile; fileRef = F6AFFD7E27CE347D001E3C78 /* LaunchScreen.storyboard */; };
/* End PBXBuildFile section */

/* Begin PBXFileReference section */
		374D6DAAE200D3E8424F9CDC /* Pods_BgSonar01.framework */ = {isa = PBXFileReference; explicitFileType = wrapper.framework; includeInIndex = 0; path = Pods_BgSonar01.framework; sourceTree = BUILT_PRODUCTS_DIR; };
		8373E29E40019CA6B1067EC9 /* Pods-BgSonar01.release.xcconfig */ = {isa = PBXFileReference; includeInIndex = 1; lastKnownFileType = text.xcconfig; name = "Pods-BgSonar01.release.xcconfig"; path = "Target Support Files/Pods-BgSonar01/Pods-BgSonar01.release.xcconfig"; sourceTree = "<group>"; };
		B9A3E9AB7BF8702EE94CC84F /* Pods-BgSonar01.debug.xcconfig */ = {isa = PBXFileReference; includeInIndex = 1; lastKnownFileType = text.xcconfig; name = "Pods-BgSonar01.debug.xcconfig"; path = "Target Support Files/Pods-BgSonar01/Pods-BgSonar01.debug.xcconfig"; sourceTree = "<group>"; };
		F6AFFD7027CE347B001E3C78 /* BgSonar01.app */ = {isa = PBXFileReference; explicitFileType = wrapper.application; includeInIndex = 0; path = BgSonar01.app; sourceTree = BUILT_PRODUCTS_DIR; };
		F6AFFD7327CE347B001E3C78 /* AppDelegate.swift */ = {isa = PBXFileReference; lastKnownFileType = sourcecode.swift; path = AppDelegate.swift; sourceTree = "<group>"; };
		F6AFFD7527CE347B001E3C78 /* SceneDelegate.swift */ = {isa = PBXFileReference; lastKnownFileType = sourcecode.swift; path = SceneDelegate.swift; sourceTree = "<group>"; };
		F6AFFD7727CE347B001E3C78 /* ViewController.swift */ = {isa = PBXFileReference; lastKnownFileType = sourcecode.swift; path = ViewController.swift; sourceTree = "<group>"; };
		F6AFFD7A27CE347B001E3C78 /* Base */ = {isa = PBXFileReference; lastKnownFileType = file.storyboard; name = Base; path = Base.lproj/Main.storyboard; sourceTree = "<group>"; };
		F6AFFD7C27CE347D001E3C78 /* Assets.xcassets */ = {isa = PBXFileReference; lastKnownFileType = folder.assetcatalog; path = Assets.xcassets; sourceTree = "<group>"; };
		F6AFFD7F27CE347D001E3C78 /* Base */ = {isa = PBXFileReference; lastKnownFileType = file.storyboard; name = Base; path = Base.lproj/LaunchScreen.storyboard; sourceTree = "<group>"; };
		F6AFFD8127CE347D001E3C78 /* Info.plist */ = {isa = PBXFileReference; lastKnownFileType = text.plist.xml; path = Info.plist; sourceTree = "<group>"; };
/* End PBXFileReference section */

/* Begin PBXFrameworksBuildPhase section */
		F6AFFD6D27CE347B001E3C78 /* Frameworks */ = {
			isa = PBXFrameworksBuildPhase;
			buildActionMask = 2147483647;
			files = (
				5EEFD47C4E9A2434114B92F7 /* Pods_BgSonar01.framework in Frameworks */,
			);
			runOnlyForDeploymentPostprocessing = 0;
		};
/* End PBXFrameworksBuildPhase section */

/* Begin PBXGroup section */
		7BACD15C1502EEE82B9DA4B7 /* Pods */ = {
			isa = PBXGroup;
			children = (
				B9A3E9AB7BF8702EE94CC84F /* Pods-BgSonar01.debug.xcconfig */,
				8373E29E40019CA6B1067EC9 /* Pods-BgSonar01.release.xcconfig */,
			);
			path = Pods;
			sourceTree = "<group>";
		};
		F6AFFD6727CE347B001E3C78 = {
			isa = PBXGroup;
			children = (
				F6AFFD7227CE347B001E3C78 /* BgSonar01 */,
				F6AFFD7127CE347B001E3C78 /* Products */,
				7BACD15C1502EEE82B9DA4B7 /* Pods */,
				FA15362509E85631DBD8E83E /* Frameworks */,
			);
			sourceTree = "<group>";
		};
		F6AFFD7127CE347B001E3C78 /* Products */ = {
			isa = PBXGroup;
			children = (
				F6AFFD7027CE347B001E3C78 /* BgSonar01.app */,
			);
			name = Products;
			sourceTree = "<group>";
		};
		F6AFFD7227CE347B001E3C78 /* BgSonar01 */ = {
			isa = PBXGroup;
			children = (
				F6AFFD7327CE347B001E3C78 /* AppDelegate.swift */,
				F6AFFD7527CE347B001E3C78 /* SceneDelegate.swift */,
				F6AFFD7727CE347B001E3C78 /* ViewController.swift */,
				F6AFFD7927CE347B001E3C78 /* Main.storyboard */,
				F6AFFD7C27CE347D001E3C78 /* Assets.xcassets */,
				F6AFFD7E27CE347D001E3C78 /* LaunchScreen.storyboard */,
				F6AFFD8127CE347D001E3C78 /* Info.plist */,
			);
			path = BgSonar01;
			sourceTree = "<group>";
		};
		FA15362509E85631DBD8E83E /* Frameworks */ = {
			isa = PBXGroup;
			children = (
				374D6DAAE200D3E8424F9CDC /* Pods_BgSonar01.framework */,
			);
			name = Frameworks;
			sourceTree = "<group>";
		};
/* End PBXGroup section */

/* Begin PBXNativeTarget section */
		F6AFFD6F27CE347B001E3C78 /* BgSonar01 */ = {
			isa = PBXNativeTarget;
			buildConfigurationList = F6AFFD8427CE347D001E3C78 /* Build configuration list for PBXNativeTarget "BgSonar01" */;
			buildPhases = (
				C91C1C4C52D92AE6E5C77CB9 /* [CP] Check Pods Manifest.lock */,
				F6AFFD6C27CE347B001E3C78 /* Sources */,
				F6AFFD6D27CE347B001E3C78 /* Frameworks */,
				F6AFFD6E27CE347B001E3C78 /* Resources */,
				D6454EAE5A6F4CF381DC7A6F /* [CP] Embed Pods Frameworks */,
			);
			buildRules = (
			);
			dependencies = (
			);
			name = BgSonar01;
			productName = BgSonar01;
			productReference = F6AFFD7027CE347B001E3C78 /* BgSonar01.app */;
			productType = "com.apple.product-type.application";
		};
/* End PBXNativeTarget section */

/* Begin PBXProject section */
		F6AFFD6827CE347B001E3C78 /* Project object */ = {
			isa = PBXProject;
			attributes = {
				BuildIndependentTargetsInParallel = 1;
				LastSwiftUpdateCheck = 1330;
				LastUpgradeCheck = 1330;
				TargetAttributes = {
					F6AFFD6F27CE347B001E3C78 = {
						CreatedOnToolsVersion = 13.3;
					};
				};
			};
			buildConfigurationList = F6AFFD6B27CE347B001E3C78 /* Build configuration list for PBXProject "BgSonar01" */;
			compatibilityVersion = "Xcode 13.0";
			developmentRegion = en;
			hasScannedForEncodings = 0;
			knownRegions = (
				en,
				Base,
			);
			mainGroup = F6AFFD6727CE347B001E3C78;
			productRefGroup = F6AFFD7127CE347B001E3C78 /* Products */;
			projectDirPath = "";
			projectRoot = "";
			targets = (
				F6AFFD6F27CE347B001E3C78 /* BgSonar01 */,
			);
		};
/* End PBXProject section */

/* Begin PBXResourcesBuildPhase section */
		F6AFFD6E27CE347B001E3C78 /* Resources */ = {
			isa = PBXResourcesBuildPhase;
			buildActionMask = 2147483647;
			files = (
				F6AFFD8027CE347D001E3C78 /* LaunchScreen.storyboard in Resources */,
				F6AFFD7D27CE347D001E3C78 /* Assets.xcassets in Resources */,
				F6AFFD7B27CE347B001E3C78 /* Main.storyboard in Resources */,
			);
			runOnlyForDeploymentPostprocessing = 0;
		};
/* End PBXResourcesBuildPhase section */

/* Begin PBXShellScriptBuildPhase section */
		C91C1C4C52D92AE6E5C77CB9 /* [CP] Check Pods Manifest.lock */ = {
			isa = PBXShellScriptBuildPhase;
			buildActionMask = 2147483647;
			files = (
			);
			inputFileListPaths = (
			);
			inputPaths = (
				"${PODS_PODFILE_DIR_PATH}/Podfile.lock",
				"${PODS_ROOT}/Manifest.lock",
			);
			name = "[CP] Check Pods Manifest.lock";
			outputFileListPaths = (
			);
			outputPaths = (
				"$(DERIVED_FILE_DIR)/Pods-BgSonar01-checkManifestLockResult.txt",
			);
			runOnlyForDeploymentPostprocessing = 0;
			shellPath = /bin/sh;
			shellScript = "diff \"${PODS_PODFILE_DIR_PATH}/Podfile.lock\" \"${PODS_ROOT}/Manifest.lock\" > /dev/null\nif [ $? != 0 ] ; then\n    # print error to STDERR\n    echo \"error: The sandbox is not in sync with the Podfile.lock. Run 'pod install' or update your CocoaPods installation.\" >&2\n    exit 1\nfi\n# This output is used by Xcode 'outputs' to avoid re-running this script phase.\necho \"SUCCESS\" > \"${SCRIPT_OUTPUT_FILE_0}\"\n";
			showEnvVarsInLog = 0;
		};
		D6454EAE5A6F4CF381DC7A6F /* [CP] Embed Pods Frameworks */ = {
			isa = PBXShellScriptBuildPhase;
			buildActionMask = 2147483647;
			files = (
			);
			inputFileListPaths = (
				"${PODS_ROOT}/Target Support Files/Pods-BgSonar01/Pods-BgSonar01-frameworks-${CONFIGURATION}-input-files.xcfilelist",
			);
			name = "[CP] Embed Pods Frameworks";
			outputFileListPaths = (
				"${PODS_ROOT}/Target Support Files/Pods-BgSonar01/Pods-BgSonar01-frameworks-${CONFIGURATION}-output-files.xcfilelist",
			);
			runOnlyForDeploymentPostprocessing = 0;
			shellPath = /bin/sh;
			shellScript = "\"${PODS_ROOT}/Target Support Files/Pods-BgSonar01/Pods-BgSonar01-frameworks.sh\"\n";
			showEnvVarsInLog = 0;
		};
/* End PBXShellScriptBuildPhase section */

/* Begin PBXSourcesBuildPhase section */
		F6AFFD6C27CE347B001E3C78 /* Sources */ = {
			isa = PBXSourcesBuildPhase;
			buildActionMask = 2147483647;
			files = (
				F6AFFD7827CE347B001E3C78 /* ViewController.swift in Sources */,
				F6AFFD7427CE347B001E3C78 /* AppDelegate.swift in Sources */,
				F6AFFD7627CE347B001E3C78 /* SceneDelegate.swift in Sources */,
			);
			runOnlyForDeploymentPostprocessing = 0;
		};
/* End PBXSourcesBuildPhase section */

/* Begin PBXVariantGroup section */
		F6AFFD7927CE347B001E3C78 /* Main.storyboard */ = {
			isa = PBXVariantGroup;
			children = (
				F6AFFD7A27CE347B001E3C78 /* Base */,
			);
			name = Main.storyboard;
			sourceTree = "<group>";
		};
		F6AFFD7E27CE347D001E3C78 /* LaunchScreen.storyboard */ = {
			isa = PBXVariantGroup;
			children = (
				F6AFFD7F27CE347D001E3C78 /* Base */,
			);
			name = LaunchScreen.storyboard;
			sourceTree = "<group>";
		};
/* End PBXVariantGroup section */

/* Begin XCBuildConfiguration section */
		F6AFFD8227CE347D001E3C78 /* Debug */ = {
			isa = XCBuildConfiguration;
			buildSettings = {
				ALWAYS_SEARCH_USER_PATHS = NO;
				CLANG_ANALYZER_NONNULL = YES;
				CLANG_ANALYZER_NUMBER_OBJECT_CONVERSION = YES_AGGRESSIVE;
				CLANG_CXX_LANGUAGE_STANDARD = "gnu++17";
				CLANG_ENABLE_MODULES = YES;
				CLANG_ENABLE_OBJC_ARC = YES;
				CLANG_ENABLE_OBJC_WEAK = YES;
				CLANG_WARN_BLOCK_CAPTURE_AUTORELEASING = YES;
				CLANG_WARN_BOOL_CONVERSION = YES;
				CLANG_WARN_COMMA = YES;
				CLANG_WARN_CONSTANT_CONVERSION = YES;
				CLANG_WARN_DEPRECATED_OBJC_IMPLEMENTATIONS = YES;
				CLANG_WARN_DIRECT_OBJC_ISA_USAGE = YES_ERROR;
				CLANG_WARN_DOCUMENTATION_COMMENTS = YES;
				CLANG_WARN_EMPTY_BODY = YES;
				CLANG_WARN_ENUM_CONVERSION = YES;
				CLANG_WARN_INFINITE_RECURSION = YES;
				CLANG_WARN_INT_CONVERSION = YES;
				CLANG_WARN_NON_LITERAL_NULL_CONVERSION = YES;
				CLANG_WARN_OBJC_IMPLICIT_RETAIN_SELF = YES;
				CLANG_WARN_OBJC_LITERAL_CONVERSION = YES;
				CLANG_WARN_OBJC_ROOT_CLASS = YES_ERROR;
				CLANG_WARN_QUOTED_INCLUDE_IN_FRAMEWORK_HEADER = YES;
				CLANG_WARN_RANGE_LOOP_ANALYSIS = YES;
				CLANG_WARN_STRICT_PROTOTYPES = YES;
				CLANG_WARN_SUSPICIOUS_MOVE = YES;
				CLANG_WARN_UNGUARDED_AVAILABILITY = YES_AGGRESSIVE;
				CLANG_WARN_UNREACHABLE_CODE = YES;
				CLANG_WARN__DUPLICATE_METHOD_MATCH = YES;
				COPY_PHASE_STRIP = NO;
				DEBUG_INFORMATION_FORMAT = dwarf;
				ENABLE_STRICT_OBJC_MSGSEND = YES;
				ENABLE_TESTABILITY = YES;
				GCC_C_LANGUAGE_STANDARD = gnu11;
				GCC_DYNAMIC_NO_PIC = NO;
				GCC_NO_COMMON_BLOCKS = YES;
				GCC_OPTIMIZATION_LEVEL = 0;
				GCC_PREPROCESSOR_DEFINITIONS = (
					"DEBUG=1",
					"$(inherited)",
				);
				GCC_WARN_64_TO_32_BIT_CONVERSION = YES;
				GCC_WARN_ABOUT_RETURN_TYPE = YES_ERROR;
				GCC_WARN_UNDECLARED_SELECTOR = YES;
				GCC_WARN_UNINITIALIZED_AUTOS = YES_AGGRESSIVE;
				GCC_WARN_UNUSED_FUNCTION = YES;
				GCC_WARN_UNUSED_VARIABLE = YES;
				IPHONEOS_DEPLOYMENT_TARGET = 10.0;
				MTL_ENABLE_DEBUG_INFO = INCLUDE_SOURCE;
				MTL_FAST_MATH = YES;
				ONLY_ACTIVE_ARCH = YES;
				SDKROOT = iphoneos;
				SWIFT_ACTIVE_COMPILATION_CONDITIONS = DEBUG;
				SWIFT_OPTIMIZATION_LEVEL = "-Onone";
			};
			name = Debug;
		};
		F6AFFD8327CE347D001E3C78 /* Release */ = {
			isa = XCBuildConfiguration;
			buildSettings = {
				ALWAYS_SEARCH_USER_PATHS = NO;
				CLANG_ANALYZER_NONNULL = YES;
				CLANG_ANALYZER_NUMBER_OBJECT_CONVERSION = YES_AGGRESSIVE;
				CLANG_CXX_LANGUAGE_STANDARD = "gnu++17";
				CLANG_ENABLE_MODULES = YES;
				CLANG_ENABLE_OBJC_ARC = YES;
				CLANG_ENABLE_OBJC_WEAK = YES;
				CLANG_WARN_BLOCK_CAPTURE_AUTORELEASING = YES;
				CLANG_WARN_BOOL_CONVERSION = YES;
				CLANG_WARN_COMMA = YES;
				CLANG_WARN_CONSTANT_CONVERSION = YES;
				CLANG_WARN_DEPRECATED_OBJC_IMPLEMENTATIONS = YES;
				CLANG_WARN_DIRECT_OBJC_ISA_USAGE = YES_ERROR;
				CLANG_WARN_DOCUMENTATION_COMMENTS = YES;
				CLANG_WARN_EMPTY_BODY = YES;
				CLANG_WARN_ENUM_CONVERSION = YES;
				CLANG_WARN_INFINITE_RECURSION = YES;
				CLANG_WARN_INT_CONVERSION = YES;
				CLANG_WARN_NON_LITERAL_NULL_CONVERSION = YES;
				CLANG_WARN_OBJC_IMPLICIT_RETAIN_SELF = YES;
				CLANG_WARN_OBJC_LITERAL_CONVERSION = YES;
				CLANG_WARN_OBJC_ROOT_CLASS = YES_ERROR;
				CLANG_WARN_QUOTED_INCLUDE_IN_FRAMEWORK_HEADER = YES;
				CLANG_WARN_RANGE_LOOP_ANALYSIS = YES;
				CLANG_WARN_STRICT_PROTOTYPES = YES;
				CLANG_WARN_SUSPICIOUS_MOVE = YES;
				CLANG_WARN_UNGUARDED_AVAILABILITY = YES_AGGRESSIVE;
				CLANG_WARN_UNREACHABLE_CODE = YES;
				CLANG_WARN__DUPLICATE_METHOD_MATCH = YES;
				COPY_PHASE_STRIP = NO;
				DEBUG_INFORMATION_FORMAT = "dwarf-with-dsym";
				ENABLE_NS_ASSERTIONS = NO;
				ENABLE_STRICT_OBJC_MSGSEND = YES;
				GCC_C_LANGUAGE_STANDARD = gnu11;
				GCC_NO_COMMON_BLOCKS = YES;
				GCC_WARN_64_TO_32_BIT_CONVERSION = YES;
				GCC_WARN_ABOUT_RETURN_TYPE = YES_ERROR;
				GCC_WARN_UNDECLARED_SELECTOR = YES;
				GCC_WARN_UNINITIALIZED_AUTOS = YES_AGGRESSIVE;
				GCC_WARN_UNUSED_FUNCTION = YES;
				GCC_WARN_UNUSED_VARIABLE = YES;
				IPHONEOS_DEPLOYMENT_TARGET = 10.0;
				MTL_ENABLE_DEBUG_INFO = NO;
				MTL_FAST_MATH = YES;
				SDKROOT = iphoneos;
				SWIFT_COMPILATION_MODE = wholemodule;
				SWIFT_OPTIMIZATION_LEVEL = "-O";
				VALIDATE_PRODUCT = YES;
			};
			name = Release;
		};
		F6AFFD8527CE347D001E3C78 /* Debug */ = {
			isa = XCBuildConfiguration;
			baseConfigurationReference = B9A3E9AB7BF8702EE94CC84F /* Pods-BgSonar01.debug.xcconfig */;
			buildSettings = {
				ASSETCATALOG_COMPILER_APPICON_NAME = AppIcon;
				ASSETCATALOG_COMPILER_GLOBAL_ACCENT_COLOR_NAME = AccentColor;
				CODE_SIGN_STYLE = Automatic;
				CURRENT_PROJECT_VERSION = 1;
				DEVELOPMENT_TEAM = RQS7Y2T4J8;
				GENERATE_INFOPLIST_FILE = YES;
				INFOPLIST_FILE = BgSonar01/Info.plist;
				INFOPLIST_KEY_UIApplicationSupportsIndirectInputEvents = YES;
				INFOPLIST_KEY_UILaunchStoryboardName = LaunchScreen;
				INFOPLIST_KEY_UIMainStoryboardFile = Main;
				INFOPLIST_KEY_UISupportedInterfaceOrientations_iPad = "UIInterfaceOrientationPortrait UIInterfaceOrientationPortraitUpsideDown UIInterfaceOrientationLandscapeLeft UIInterfaceOrientationLandscapeRight";
				INFOPLIST_KEY_UISupportedInterfaceOrientations_iPhone = "UIInterfaceOrientationPortrait UIInterfaceOrientationLandscapeLeft UIInterfaceOrientationLandscapeRight";
				LD_RUNPATH_SEARCH_PATHS = (
					"$(inherited)",
					"@executable_path/Frameworks",
				);
				MARKETING_VERSION = 1.0;
				PRODUCT_BUNDLE_IDENTIFIER = com.bg.BgSonar01;
				PRODUCT_NAME = "$(TARGET_NAME)";
				SWIFT_EMIT_LOC_STRINGS = YES;
				SWIFT_VERSION = 5.0;
				TARGETED_DEVICE_FAMILY = "1,2";
			};
			name = Debug;
		};
		F6AFFD8627CE347D001E3C78 /* Release */ = {
			isa = XCBuildConfiguration;
			baseConfigurationReference = 8373E29E40019CA6B1067EC9 /* Pods-BgSonar01.release.xcconfig */;
			buildSettings = {
				ASSETCATALOG_COMPILER_APPICON_NAME = AppIcon;
				ASSETCATALOG_COMPILER_GLOBAL_ACCENT_COLOR_NAME = AccentColor;
				CODE_SIGN_STYLE = Automatic;
				CURRENT_PROJECT_VERSION = 1;
				DEVELOPMENT_TEAM = RQS7Y2T4J8;
				GENERATE_INFOPLIST_FILE = YES;
				INFOPLIST_FILE = BgSonar01/Info.plist;
				INFOPLIST_KEY_UIApplicationSupportsIndirectInputEvents = YES;
				INFOPLIST_KEY_UILaunchStoryboardName = LaunchScreen;
				INFOPLIST_KEY_UIMainStoryboardFile = Main;
				INFOPLIST_KEY_UISupportedInterfaceOrientations_iPad = "UIInterfaceOrientationPortrait UIInterfaceOrientationPortraitUpsideDown UIInterfaceOrientationLandscapeLeft UIInterfaceOrientationLandscapeRight";
				INFOPLIST_KEY_UISupportedInterfaceOrientations_iPhone = "UIInterfaceOrientationPortrait UIInterfaceOrientationLandscapeLeft UIInterfaceOrientationLandscapeRight";
				LD_RUNPATH_SEARCH_PATHS = (
					"$(inherited)",
					"@executable_path/Frameworks",
				);
				MARKETING_VERSION = 1.0;
				PRODUCT_BUNDLE_IDENTIFIER = com.bg.BgSonar01;
				PRODUCT_NAME = "$(TARGET_NAME)";
				SWIFT_EMIT_LOC_STRINGS = YES;
				SWIFT_VERSION = 5.0;
				TARGETED_DEVICE_FAMILY = "1,2";
			};
			name = Release;
		};
/* End XCBuildConfiguration section */

/* Begin XCConfigurationList section */
		F6AFFD6B27CE347B001E3C78 /* Build configuration list for PBXProject "BgSonar01" */ = {
			isa = XCConfigurationList;
			buildConfigurations = (
				F6AFFD8227CE347D001E3C78 /* Debug */,
				F6AFFD8327CE347D001E3C78 /* Release */,
			);
			defaultConfigurationIsVisible = 0;
			defaultConfigurationName = Release;
		};
		F6AFFD8427CE347D001E3C78 /* Build configuration list for PBXNativeTarget "BgSonar01" */ = {
			isa = XCConfigurationList;
			buildConfigurations = (
				F6AFFD8527CE347D001E3C78 /* Debug */,
				F6AFFD8627CE347D001E3C78 /* Release */,
			);
			defaultConfigurationIsVisible = 0;
			defaultConfigurationName = Release;
		};
/* End XCConfigurationList section */
	};
	rootObject = F6AFFD6827CE347B001E3C78 /* Project object */;
}
